<?xml version="1.0" encoding="utf-8"?>
<Project ToolsVersion="4.0" xmlns="http://schemas.microsoft.com/developer/msbuild/2003">
  <ItemGroup>
    <Filter Include="Source Files">
      <UniqueIdentifier>{4FC737F1-C7A5-4376-A066-2A32D752A2FF}</UniqueIdentifier>
      <Extensions>cpp;c;cc;cxx;def;odl;idl;hpj;bat;asm;asmx</Extensions>
    </Filter>
    <Filter Include="Header Files">
      <UniqueIdentifier>{93995380-89BD-4b04-88EB-625FBE52EBFB}</UniqueIdentifier>
      <Extensions>h;hpp;hxx;hm;inl;inc;xsd</Extensions>
    </Filter>
    <Filter Include="Resource Files">
      <UniqueIdentifier>{67DA6AB6-F800-4c08-8B7A-83BB121AAD01}</UniqueIdentifier>
      <Extensions>rc;ico;cur;bmp;dlg;rc2;rct;bin;rgs;gif;jpg;jpeg;jpe;resx;tiff;tif;png;wav;mfcribbon-ms</Extensions>
    </Filter>
  </ItemGroup>
  <ItemGroup>
    <ClInclude Include="source\pch.hpp">
      <Filter>Header Files</Filter>
    </ClInclude>
    <ClInclude Include="source\targa.hpp">
      <Filter>Header Files</Filter>
    </ClInclude>
    <ClInclude Include="source\quad_tree.hpp">
      <Filter>Header Files</Filter>
    </ClInclude>
    <ClInclude Include="source\keyboard.hpp">
      <Filter>Header Files</Filter>
    </ClInclude>
    <ClInclude Include="source\map_generator.hpp">
      <Filter>Header Files</Filter>
    </ClInclude>
    <ClInclude Include="source\level.hpp">
      <Filter>Header Files</Filter>
    </ClInclude>
    <ClInclude Include="source\types.hpp">
      <Filter>Header Files</Filter>
    </ClInclude>
    <ClInclude Include="source\entity.hpp">
      <Filter>Header Files</Filter>
    </ClInclude>
    <ClInclude Include="source\assert.hpp">
      <Filter>Header Files</Filter>
    </ClInclude>
    <ClInclude Include="source\room_simple.hpp">
      <Filter>Header Files</Filter>
    </ClInclude>
    <ClInclude Include="source\room_compound.hpp">
      <Filter>Header Files</Filter>
    </ClInclude>
    <ClInclude Include="source\geometry.hpp">
      <Filter>Header Files</Filter>
    </ClInclude>
    <ClInclude Include="source\grid2d.hpp">
      <Filter>Header Files</Filter>
    </ClInclude>
    <ClInclude Include="source\config.hpp">
      <Filter>Header Files</Filter>
    </ClInclude>
    <ClInclude Include="source\direction.hpp">
      <Filter>Header Files</Filter>
    </ClInclude>
    <ClInclude Include="source\room.hpp">
      <Filter>Header Files</Filter>
    </ClInclude>
    <ClInclude Include="source\util.hpp">
      <Filter>Header Files</Filter>
    </ClInclude>
    <ClInclude Include="source\map_layout.hpp">
      <Filter>Header Files</Filter>
    </ClInclude>
    <ClInclude Include="source\tile.hpp">
      <Filter>Header Files</Filter>
    </ClInclude>
    <ClInclude Include="source\map.hpp">
      <Filter>Header Files</Filter>
    </ClInclude>
    <ClInclude Include="source\scope_exit.hpp">
      <Filter>Header Files</Filter>
    </ClInclude>
    <ClInclude Include="source\platform\d2d_renderer.hpp">
      <Filter>Header Files</Filter>
    </ClInclude>
    <ClInclude Include="source\platform\window.hpp">
      <Filter>Header Files</Filter>
    </ClInclude>
  </ItemGroup>
  <ItemGroup>
    <ClCompile Include="source\pch.cpp">
      <Filter>Source Files</Filter>
    </ClCompile>
    <ClCompile Include="source\main.cpp">
      <Filter>Source Files</Filter>
    </ClCompile>
    <ClCompile Include="source\types.cpp">
      <Filter>Source Files</Filter>
    </ClCompile>
    <ClCompile Include="source\tests\test_direction.cpp">
      <Filter>Source Files</Filter>
    </ClCompile>
    <ClCompile Include="source\tests\test_main.cpp">
      <Filter>Source Files</Filter>
    </ClCompile>
    <ClCompile Include="source\tests\test_grid2d.cpp">
      <Filter>Source Files</Filter>
    </ClCompile>
    <ClCompile Include="source\tests\test_geometry.cpp">
      <Filter>Source Files</Filter>
    </ClCompile>
    <ClCompile Include="source\assert.cpp">
      <Filter>Source Files</Filter>
    </ClCompile>
    <ClCompile Include="source\platform\d2d_renderer.cpp">
      <Filter>Source Files</Filter>
    </ClCompile>
  </ItemGroup>
</Project>